
Microsoft Visual Studio Solution File, Format Version 12.00
# Visual Studio Version 17
VisualStudioVersion = 17.5.33516.290
MinimumVisualStudioVersion = 10.0.40219.1
Project("{FAE04EC0-301F-11D3-BF4B-00C04F79EFBC}") = "webAssignment079", "webAssignment079.csproj", "{1E21CD9F-C796-4ABA-A450-1352215D239E}"
EndProject
Global
	GlobalSection(SolutionConfigurationPlatforms) = preSolution
		Debug|Any CPU = Debug|Any CPU
		Release|Any CPU = Release|Any CPU
	EndGlobalSection
	GlobalSection(ProjectConfigurationPlatforms) = postSolution
		{1E21CD9F-C796-4ABA-A450-1352215D239E}.Debug|Any CPU.ActiveCfg = Debug|Any CPU
		{1E21CD9F-C796-4ABA-A450-1352215D239E}.Debug|Any CPU.Build.0 = Debug|Any CPU
		{1E21CD9F-C796-4ABA-A450-1352215D239E}.Release|Any CPU.ActiveCfg = Release|Any CPU
		{1E21CD9F-C796-4ABA-A450-1352215D239E}.Release|Any CPU.Build.0 = Release|Any CPU
	EndGlobalSection
	GlobalSection(SolutionProperties) = preSolution
		HideSolutionNode = FALSE
	EndGlobalSection
	GlobalSection(ExtensibilityGlobals) = postSolution
		SolutionGuid = {D9DBEC64-062A-4B6A-A8F0-14FE4B0AE5EE}
	EndGlobalSection
EndGlobal
